
Microsoft Visual Studio Solution File, Format Version 12.00
# Visual Studio 14
VisualStudioVersion = 14.0.25420.1
MinimumVisualStudioVersion = 10.0.40219.1
Project("{2150E333-8FDC-42A3-9474-1A3956D46DE8}") = "src", "src", "{F73783CD-6CB6-4A4B-8909-CCA5AD1CE82F}"
EndProject
Project("{2150E333-8FDC-42A3-9474-1A3956D46DE8}") = "Solution Items", "Solution Items", "{2D0F0614-707F-45A0-968D-3FE930424D33}"
	ProjectSection(SolutionItems) = preProject
		global.json = global.json
	EndProjectSection
EndProject
Project("{8BB2217D-0F2D-49D1-97BC-3654ED321F3B}") = "Birbiz", "src\Birbiz\Birbiz.xproj", "{01FC0A2A-89A2-4F52-9605-38D364582E51}"
EndProject
Project("{2150E333-8FDC-42A3-9474-1A3956D46DE8}") = "DataAccess", "DataAccess", "{4CFDAB21-1915-4678-A378-A3B46FD5E7B0}"
EndProject
Project("{2150E333-8FDC-42A3-9474-1A3956D46DE8}") = "BusinessLogic", "BusinessLogic", "{CAF7C973-B438-494D-8B69-B0D5B54172EA}"
EndProject
Project("{2150E333-8FDC-42A3-9474-1A3956D46DE8}") = "Common", "Common", "{3A9B6713-81FF-426B-BAE9-FC6227B56C0F}"
EndProject
Project("{2150E333-8FDC-42A3-9474-1A3956D46DE8}") = "Presenter", "Presenter", "{BCC9FBFC-276D-4EB6-B5FC-A31A67A00E17}"
EndProject
Project("{F088123C-0E9E-452A-89E6-6BA2F21D5CAC}") = "Birbiz.Diagram", "src\Birbiz.Diagram\Birbiz.Diagram.modelproj", "{55639A1D-C6C9-49A6-BF30-1702C96C8AFD}"
EndProject
Project("{8BB2217D-0F2D-49D1-97BC-3654ED321F3B}") = "Birbiz.Common.Entities", "src\Birbiz.Common.Entities\Birbiz.Common.Entities.xproj", "{0AF4412A-5537-4DC2-9B84-FD6E841E46D4}"
EndProject
Project("{8BB2217D-0F2D-49D1-97BC-3654ED321F3B}") = "Birbiz.DataAccess.DataContracts", "src\Birbiz.DataAccess.DataContracts\Birbiz.DataAccess.DataContracts.xproj", "{3E853544-C0F6-4138-8833-7C055A5AD233}"
EndProject
Project("{8BB2217D-0F2D-49D1-97BC-3654ED321F3B}") = "Birbiz.DataAccess.SqlDataAccess", "src\Birbiz.DataAccess.SqlDataAccess\Birbiz.DataAccess.SqlDataAccess.xproj", "{FB643392-A219-4715-89A9-19D900F7C0B7}"
EndProject
Project("{8BB2217D-0F2D-49D1-97BC-3654ED321F3B}") = "Birbiz.Common.DependencyInjection", "src\Birbiz.Common.DependencyInjection\Birbiz.Common.DependencyInjection.xproj", "{B0E9B741-C3B4-438E-950D-6A3A35834A79}"
EndProject
Project("{8BB2217D-0F2D-49D1-97BC-3654ED321F3B}") = "Birbiz.DataAccess.SqlDataAccessTest", "src\Birbiz.DataAccess.SqlDataAccessTest\Birbiz.DataAccess.SqlDataAccessTest.xproj", "{0BB956C5-0F61-4CE2-B46A-1FF1587DD003}"
EndProject
Global
	GlobalSection(SolutionConfigurationPlatforms) = preSolution
		Debug|Any CPU = Debug|Any CPU
		Release|Any CPU = Release|Any CPU
	EndGlobalSection
	GlobalSection(ProjectConfigurationPlatforms) = postSolution
		{01FC0A2A-89A2-4F52-9605-38D364582E51}.Debug|Any CPU.ActiveCfg = Debug|Any CPU
		{01FC0A2A-89A2-4F52-9605-38D364582E51}.Debug|Any CPU.Build.0 = Debug|Any CPU
		{01FC0A2A-89A2-4F52-9605-38D364582E51}.Release|Any CPU.ActiveCfg = Release|Any CPU
		{01FC0A2A-89A2-4F52-9605-38D364582E51}.Release|Any CPU.Build.0 = Release|Any CPU
		{55639A1D-C6C9-49A6-BF30-1702C96C8AFD}.Debug|Any CPU.ActiveCfg = Debug|Any CPU
		{55639A1D-C6C9-49A6-BF30-1702C96C8AFD}.Debug|Any CPU.Build.0 = Debug|Any CPU
		{55639A1D-C6C9-49A6-BF30-1702C96C8AFD}.Release|Any CPU.ActiveCfg = Release|Any CPU
		{55639A1D-C6C9-49A6-BF30-1702C96C8AFD}.Release|Any CPU.Build.0 = Release|Any CPU
		{0AF4412A-5537-4DC2-9B84-FD6E841E46D4}.Debug|Any CPU.ActiveCfg = Debug|Any CPU
		{0AF4412A-5537-4DC2-9B84-FD6E841E46D4}.Debug|Any CPU.Build.0 = Debug|Any CPU
		{0AF4412A-5537-4DC2-9B84-FD6E841E46D4}.Release|Any CPU.ActiveCfg = Release|Any CPU
		{0AF4412A-5537-4DC2-9B84-FD6E841E46D4}.Release|Any CPU.Build.0 = Release|Any CPU
		{3E853544-C0F6-4138-8833-7C055A5AD233}.Debug|Any CPU.ActiveCfg = Debug|Any CPU
		{3E853544-C0F6-4138-8833-7C055A5AD233}.Debug|Any CPU.Build.0 = Debug|Any CPU
		{3E853544-C0F6-4138-8833-7C055A5AD233}.Release|Any CPU.ActiveCfg = Release|Any CPU
		{3E853544-C0F6-4138-8833-7C055A5AD233}.Release|Any CPU.Build.0 = Release|Any CPU
		{FB643392-A219-4715-89A9-19D900F7C0B7}.Debug|Any CPU.ActiveCfg = Debug|Any CPU
		{FB643392-A219-4715-89A9-19D900F7C0B7}.Debug|Any CPU.Build.0 = Debug|Any CPU
		{FB643392-A219-4715-89A9-19D900F7C0B7}.Release|Any CPU.ActiveCfg = Release|Any CPU
		{FB643392-A219-4715-89A9-19D900F7C0B7}.Release|Any CPU.Build.0 = Release|Any CPU
		{B0E9B741-C3B4-438E-950D-6A3A35834A79}.Debug|Any CPU.ActiveCfg = Debug|Any CPU
		{B0E9B741-C3B4-438E-950D-6A3A35834A79}.Debug|Any CPU.Build.0 = Debug|Any CPU
		{B0E9B741-C3B4-438E-950D-6A3A35834A79}.Release|Any CPU.ActiveCfg = Release|Any CPU
		{B0E9B741-C3B4-438E-950D-6A3A35834A79}.Release|Any CPU.Build.0 = Release|Any CPU
		{0BB956C5-0F61-4CE2-B46A-1FF1587DD003}.Debug|Any CPU.ActiveCfg = Debug|Any CPU
		{0BB956C5-0F61-4CE2-B46A-1FF1587DD003}.Debug|Any CPU.Build.0 = Debug|Any CPU
		{0BB956C5-0F61-4CE2-B46A-1FF1587DD003}.Release|Any CPU.ActiveCfg = Release|Any CPU
		{0BB956C5-0F61-4CE2-B46A-1FF1587DD003}.Release|Any CPU.Build.0 = Release|Any CPU
	EndGlobalSection
	GlobalSection(SolutionProperties) = preSolution
		HideSolutionNode = FALSE
	EndGlobalSection
	GlobalSection(NestedProjects) = preSolution
		{01FC0A2A-89A2-4F52-9605-38D364582E51} = {F73783CD-6CB6-4A4B-8909-CCA5AD1CE82F}
		{4CFDAB21-1915-4678-A378-A3B46FD5E7B0} = {F73783CD-6CB6-4A4B-8909-CCA5AD1CE82F}
		{CAF7C973-B438-494D-8B69-B0D5B54172EA} = {F73783CD-6CB6-4A4B-8909-CCA5AD1CE82F}
		{3A9B6713-81FF-426B-BAE9-FC6227B56C0F} = {F73783CD-6CB6-4A4B-8909-CCA5AD1CE82F}
		{BCC9FBFC-276D-4EB6-B5FC-A31A67A00E17} = {F73783CD-6CB6-4A4B-8909-CCA5AD1CE82F}
		{55639A1D-C6C9-49A6-BF30-1702C96C8AFD} = {F73783CD-6CB6-4A4B-8909-CCA5AD1CE82F}
		{0AF4412A-5537-4DC2-9B84-FD6E841E46D4} = {3A9B6713-81FF-426B-BAE9-FC6227B56C0F}
		{3E853544-C0F6-4138-8833-7C055A5AD233} = {4CFDAB21-1915-4678-A378-A3B46FD5E7B0}
		{FB643392-A219-4715-89A9-19D900F7C0B7} = {4CFDAB21-1915-4678-A378-A3B46FD5E7B0}
		{B0E9B741-C3B4-438E-950D-6A3A35834A79} = {3A9B6713-81FF-426B-BAE9-FC6227B56C0F}
		{0BB956C5-0F61-4CE2-B46A-1FF1587DD003} = {4CFDAB21-1915-4678-A378-A3B46FD5E7B0}
	EndGlobalSection
EndGlobal
